
Microsoft Visual Studio Solution File, Format Version 12.00
# Visual Studio Version 17
VisualStudioVersion = 17.5.33530.505
MinimumVisualStudioVersion = 10.0.40219.1
Project("{FAE04EC0-301F-11D3-BF4B-00C04F79EFBC}") = "UcenjeC#", "UcenjeC#\UcenjeC#.csproj", "{D336F22A-CD03-4F87-B466-1BCCE12AD9EE}"
EndProject
Global
	GlobalSection(SolutionConfigurationPlatforms) = preSolution
		Debug|Any CPU = Debug|Any CPU
		Release|Any CPU = Release|Any CPU
	EndGlobalSection
	GlobalSection(ProjectConfigurationPlatforms) = postSolution
		{D336F22A-CD03-4F87-B466-1BCCE12AD9EE}.Debug|Any CPU.ActiveCfg = Debug|Any CPU
		{D336F22A-CD03-4F87-B466-1BCCE12AD9EE}.Debug|Any CPU.Build.0 = Debug|Any CPU
		{D336F22A-CD03-4F87-B466-1BCCE12AD9EE}.Release|Any CPU.ActiveCfg = Release|Any CPU
		{D336F22A-CD03-4F87-B466-1BCCE12AD9EE}.Release|Any CPU.Build.0 = Release|Any CPU
	EndGlobalSection
	GlobalSection(SolutionProperties) = preSolution
		HideSolutionNode = FALSE
	EndGlobalSection
	GlobalSection(ExtensibilityGlobals) = postSolution
		SolutionGuid = {9CBB054B-1E39-4F21-84D7-1E5B3293B9D5}
	EndGlobalSection
EndGlobal
